
Microsoft Visual Studio Solution File, Format Version 12.00
# Visual Studio Version 17
VisualStudioVersion = 17.0.31912.275
MinimumVisualStudioVersion = 10.0.40219.1
Project("{9A19103F-16F7-4668-BE54-9A1E7A4F7556}") = "HtmlAgilityPack.CssSelectors", "HapCss\HtmlAgilityPack.CssSelectors.csproj", "{F5A65D54-A578-4A58-AAD2-4A602C36DDA7}"
EndProject
Project("{9A19103F-16F7-4668-BE54-9A1E7A4F7556}") = "HtmlAgilityPack.CssSelectors.UnitTests", "HapCss.UnitTests\HtmlAgilityPack.CssSelectors.UnitTests.csproj", "{ABE34223-0E52-41E2-98DF-F03B2355448A}"
EndProject
Project("{2150E333-8FDC-42A3-9474-1A3956D46DE8}") = "Solution Folder", "Solution Folder", "{FF5D3D1D-0541-4B13-8F75-E2D86356A533}"
	ProjectSection(SolutionItems) = preProject
		.editorconfig = .editorconfig
		Directory.Build.props = Directory.Build.props
		README.md = README.md
	EndProjectSection
EndProject
Global
	GlobalSection(SolutionConfigurationPlatforms) = preSolution
		Debug|Any CPU = Debug|Any CPU
		Release|Any CPU = Release|Any CPU
	EndGlobalSection
	GlobalSection(ProjectConfigurationPlatforms) = postSolution
		{F5A65D54-A578-4A58-AAD2-4A602C36DDA7}.Debug|Any CPU.ActiveCfg = Debug|Any CPU
		{F5A65D54-A578-4A58-AAD2-4A602C36DDA7}.Debug|Any CPU.Build.0 = Debug|Any CPU
		{F5A65D54-A578-4A58-AAD2-4A602C36DDA7}.Release|Any CPU.ActiveCfg = Release|Any CPU
		{F5A65D54-A578-4A58-AAD2-4A602C36DDA7}.Release|Any CPU.Build.0 = Release|Any CPU
		{ABE34223-0E52-41E2-98DF-F03B2355448A}.Debug|Any CPU.ActiveCfg = Debug|Any CPU
		{ABE34223-0E52-41E2-98DF-F03B2355448A}.Debug|Any CPU.Build.0 = Debug|Any CPU
		{ABE34223-0E52-41E2-98DF-F03B2355448A}.Release|Any CPU.ActiveCfg = Release|Any CPU
		{ABE34223-0E52-41E2-98DF-F03B2355448A}.Release|Any CPU.Build.0 = Release|Any CPU
	EndGlobalSection
	GlobalSection(SolutionProperties) = preSolution
		HideSolutionNode = FALSE
	EndGlobalSection
	GlobalSection(ExtensibilityGlobals) = postSolution
		SolutionGuid = {A8D0957C-CDEE-49DB-86B1-56E25D35FFD5}
	EndGlobalSection
EndGlobal
